
Microsoft Visual Studio Solution File, Format Version 12.00
# Visual Studio Version 16
VisualStudioVersion = 16.0.29215.179
MinimumVisualStudioVersion = 10.0.40219.1
Project("{8BC9CEB8-8B4A-11D0-8D11-00A0C91BC942}") = "Project1", "Project1\Project1.vcxproj", "{86D5E1F4-F40B-4A6B-9A1E-64915DC713A9}"
EndProject
Project("{8BC9CEB8-8B4A-11D0-8D11-00A0C91BC942}") = "Project2", "Project2\Project2.vcxproj", "{21E52102-3469-4600-B790-6509A6DE8B2F}"
EndProject
Project("{8BC9CEB8-8B4A-11D0-8D11-00A0C91BC942}") = "Project3", "Project3\Project3.vcxproj", "{ED418927-BA5C-4604-8A59-87E6E667D57C}"
EndProject
Global
	GlobalSection(SolutionConfigurationPlatforms) = preSolution
		Debug|x64 = Debug|x64
		Debug|x86 = Debug|x86
		Release|x64 = Release|x64
		Release|x86 = Release|x86
	EndGlobalSection
	GlobalSection(ProjectConfigurationPlatforms) = postSolution
		{86D5E1F4-F40B-4A6B-9A1E-64915DC713A9}.Debug|x64.ActiveCfg = Debug|x64
		{86D5E1F4-F40B-4A6B-9A1E-64915DC713A9}.Debug|x64.Build.0 = Debug|x64
		{86D5E1F4-F40B-4A6B-9A1E-64915DC713A9}.Debug|x86.ActiveCfg = Debug|Win32
		{86D5E1F4-F40B-4A6B-9A1E-64915DC713A9}.Debug|x86.Build.0 = Debug|Win32
		{86D5E1F4-F40B-4A6B-9A1E-64915DC713A9}.Release|x64.ActiveCfg = Release|x64
		{86D5E1F4-F40B-4A6B-9A1E-64915DC713A9}.Release|x64.Build.0 = Release|x64
		{86D5E1F4-F40B-4A6B-9A1E-64915DC713A9}.Release|x86.ActiveCfg = Release|Win32
		{86D5E1F4-F40B-4A6B-9A1E-64915DC713A9}.Release|x86.Build.0 = Release|Win32
		{21E52102-3469-4600-B790-6509A6DE8B2F}.Debug|x64.ActiveCfg = Debug|x64
		{21E52102-3469-4600-B790-6509A6DE8B2F}.Debug|x64.Build.0 = Debug|x64
		{21E52102-3469-4600-B790-6509A6DE8B2F}.Debug|x86.ActiveCfg = Debug|Win32
		{21E52102-3469-4600-B790-6509A6DE8B2F}.Debug|x86.Build.0 = Debug|Win32
		{21E52102-3469-4600-B790-6509A6DE8B2F}.Release|x64.ActiveCfg = Release|x64
		{21E52102-3469-4600-B790-6509A6DE8B2F}.Release|x64.Build.0 = Release|x64
		{21E52102-3469-4600-B790-6509A6DE8B2F}.Release|x86.ActiveCfg = Release|Win32
		{21E52102-3469-4600-B790-6509A6DE8B2F}.Release|x86.Build.0 = Release|Win32
		{ED418927-BA5C-4604-8A59-87E6E667D57C}.Debug|x64.ActiveCfg = Debug|x64
		{ED418927-BA5C-4604-8A59-87E6E667D57C}.Debug|x64.Build.0 = Debug|x64
		{ED418927-BA5C-4604-8A59-87E6E667D57C}.Debug|x86.ActiveCfg = Debug|Win32
		{ED418927-BA5C-4604-8A59-87E6E667D57C}.Debug|x86.Build.0 = Debug|Win32
		{ED418927-BA5C-4604-8A59-87E6E667D57C}.Release|x64.ActiveCfg = Release|x64
		{ED418927-BA5C-4604-8A59-87E6E667D57C}.Release|x64.Build.0 = Release|x64
		{ED418927-BA5C-4604-8A59-87E6E667D57C}.Release|x86.ActiveCfg = Release|Win32
		{ED418927-BA5C-4604-8A59-87E6E667D57C}.Release|x86.Build.0 = Release|Win32
	EndGlobalSection
	GlobalSection(SolutionProperties) = preSolution
		HideSolutionNode = FALSE
	EndGlobalSection
	GlobalSection(ExtensibilityGlobals) = postSolution
		SolutionGuid = {A91172A9-7A65-45FB-AA4C-8E99D63ED9B7}
	EndGlobalSection
EndGlobal
